<?xml version="1.0" encoding="utf-8"?>
<Project ToolsVersion="4.0" xmlns="http://schemas.microsoft.com/developer/msbuild/2003">
  <ItemGroup>
    <ClCompile Include="Game.cpp">
      <Filter>Source</Filter>
    </ClCompile>
    <ClCompile Include="main.cpp">
      <Filter>Source</Filter>
    </ClCompile>
    <ClCompile Include="Actor.cpp">
      <Filter>Source</Filter>
    </ClCompile>
    <ClCompile Include="Component.cpp">
      <Filter>Source</Filter>
    </ClCompile>
    <ClCompile Include="SpriteComponent.cpp">
      <Filter>Source</Filter>
    </ClCompile>
    <ClCompile Include="AnimationComponent.cpp">
      <Filter>Source</Filter>
    </ClCompile>
    <ClCompile Include="BackgroundComponent.cpp">
      <Filter>Source</Filter>
    </ClCompile>
    <ClCompile Include="MoveComponent.cpp">
      <Filter>Source</Filter>
    </ClCompile>
    <ClCompile Include="VertexArray.cpp">
      <Filter>Source</Filter>
    </ClCompile>
    <ClCompile Include="Shader.cpp">
      <Filter>Source</Filter>
    </ClCompile>
    <ClCompile Include="Texture.cpp">
      <Filter>Source</Filter>
    </ClCompile>
    <ClCompile Include="Mesh.cpp">
      <Filter>Source</Filter>
    </ClCompile>
    <ClCompile Include="Renderer.cpp">
      <Filter>Source</Filter>
    </ClCompile>
    <ClCompile Include="MeshComponent.cpp">
      <Filter>Source</Filter>
    </ClCompile>
    <ClCompile Include="CameraActor.cpp">
      <Filter>Source</Filter>
    </ClCompile>
    <ClCompile Include="Bone.cpp">
      <Filter>Source</Filter>
    </ClCompile>
    <ClCompile Include="SkinMeshComponent.cpp">
      <Filter>Source</Filter>
    </ClCompile>
    <ClCompile Include="Skeleton.cpp">
      <Filter>Source</Filter>
    </ClCompile>
    <ClCompile Include="Animation.cpp">
      <Filter>Source</Filter>
    </ClCompile>
    <ClCompile Include="Math.cpp">
      <Filter>Source</Filter>
    </ClCompile>
    <ClCompile Include="BoxComponent.cpp">
      <Filter>Source</Filter>
    </ClCompile>
    <ClCompile Include="Collision.cpp">
      <Filter>Source</Filter>
    </ClCompile>
    <ClCompile Include="Physics.cpp">
      <Filter>Source</Filter>
    </ClCompile>
    <ClCompile Include="CameraComponent.cpp">
      <Filter>Source</Filter>
    </ClCompile>
    <ClCompile Include="Car.cpp">
      <Filter>Source</Filter>
    </ClCompile>
    <ClCompile Include="CarCamera.cpp">
      <Filter>Source</Filter>
    </ClCompile>
    <ClCompile Include="Cube.cpp" />
  </ItemGroup>
  <ItemGroup>
    <Filter Include="Header">
      <UniqueIdentifier>{0e970f27-e98f-46c8-a891-16fae4e998e6}</UniqueIdentifier>
    </Filter>
    <Filter Include="Source">
      <UniqueIdentifier>{2e73fee2-e9f4-49f5-a55c-7a817b236c2a}</UniqueIdentifier>
    </Filter>
    <Filter Include="Shader">
      <UniqueIdentifier>{7f973c3a-b94a-4c7e-a889-02fbac57648b}</UniqueIdentifier>
    </Filter>
  </ItemGroup>
  <ItemGroup>
    <ClInclude Include="Game.h">
      <Filter>Header</Filter>
    </ClInclude>
    <ClInclude Include="Actor.h">
      <Filter>Header</Filter>
    </ClInclude>
    <ClInclude Include="Component.h">
      <Filter>Header</Filter>
    </ClInclude>
    <ClInclude Include="SpriteComponent.h">
      <Filter>Header</Filter>
    </ClInclude>
    <ClInclude Include="AnimationComponent.h">
      <Filter>Header</Filter>
    </ClInclude>
    <ClInclude Include="BackgroundComponent.h">
      <Filter>Header</Filter>
    </ClInclude>
    <ClInclude Include="MoveComponent.h">
      <Filter>Header</Filter>
    </ClInclude>
    <ClInclude Include="VertexArray.h">
      <Filter>Header</Filter>
    </ClInclude>
    <ClInclude Include="Shader.h">
      <Filter>Header</Filter>
    </ClInclude>
    <ClInclude Include="Texture.h">
      <Filter>Header</Filter>
    </ClInclude>
    <ClInclude Include="Renderer.h">
      <Filter>Header</Filter>
    </ClInclude>
    <ClInclude Include="MeshComponent.h">
      <Filter>Header</Filter>
    </ClInclude>
    <ClInclude Include="CameraActor.h">
      <Filter>Header</Filter>
    </ClInclude>
    <ClInclude Include="Bone.h">
      <Filter>Header</Filter>
    </ClInclude>
    <ClInclude Include="SkinMeshComponent.h">
      <Filter>Header</Filter>
    </ClInclude>
    <ClInclude Include="Animation.h">
      <Filter>Header</Filter>
    </ClInclude>
    <ClInclude Include="Skeleton.h">
      <Filter>Header</Filter>
    </ClInclude>
    <ClInclude Include="Mesh.h">
      <Filter>Header</Filter>
    </ClInclude>
    <ClInclude Include="Math.h">
      <Filter>Header</Filter>
    </ClInclude>
    <ClInclude Include="BoxComponent.h">
      <Filter>Header</Filter>
    </ClInclude>
    <ClInclude Include="Collision.h">
      <Filter>Header</Filter>
    </ClInclude>
    <ClInclude Include="Physics.h">
      <Filter>Header</Filter>
    </ClInclude>
    <ClInclude Include="CameraComponent.h">
      <Filter>Header</Filter>
    </ClInclude>
    <ClInclude Include="Car.h">
      <Filter>Header</Filter>
    </ClInclude>
    <ClInclude Include="CarCamera.h">
      <Filter>Header</Filter>
    </ClInclude>
    <ClInclude Include="Cube.h" />
  </ItemGroup>
  <ItemGroup>
    <None Include="Sprite.v">
      <Filter>Shader</Filter>
    </None>
    <None Include="Sprite.f">
      <Filter>Shader</Filter>
    </None>
    <None Include="Phong.v">
      <Filter>Shader</Filter>
    </None>
    <None Include="Phong.f">
      <Filter>Shader</Filter>
    </None>
    <None Include="Skin.v">
      <Filter>Shader</Filter>
    </None>
    <None Include="Toon.v">
      <Filter>Shader</Filter>
    </None>
    <None Include="Toon.f">
      <Filter>Shader</Filter>
    </None>
  </ItemGroup>
</Project>